Microsoft Visual Studio Solution File, Format Version 12.00
# Visual Studio Version 16
VisualStudioVersion = 16.0.0.0
MinimumVisualStudioVersion = 16.0.0.0
Project("{9A19103F-16F7-4668-BE54-9A1E7A4F7556}") = "ProximoTurnoWebApp", "ProximoTurnoWebApp\ProximoTurnoWebApp.csproj", "{0E4911D6-B425-419A-8188-D35407C032BF}"
EndProject
Project("{9A19103F-16F7-4668-BE54-9A1E7A4F7556}") = "ProximoTurnoWebApp.Client", "ProximoTurnoWebApp.Client\ProximoTurnoWebApp.Client.csproj", "{B1EE8CFE-CBBE-4B09-9C32-C75ECDE62B9F}"
EndProject
Global
	GlobalSection(SolutionConfigurationPlatforms) = preSolution
		Debug|Any CPU = Debug|Any CPU
		Debug|x64 = Debug|x64
		Debug|x86 = Debug|x86
		Release|Any CPU = Release|Any CPU
		Release|x64 = Release|x64
		Release|x86 = Release|x86
	EndGlobalSection
	GlobalSection(ProjectConfigurationPlatforms) = postSolution
		{B1EE8CFE-CBBE-4B09-9C32-C75ECDE62B9F}.Debug|Any CPU.ActiveCfg = Debug|Any CPU
		{B1EE8CFE-CBBE-4B09-9C32-C75ECDE62B9F}.Debug|Any CPU.Build.0 = Debug|Any CPU
		{B1EE8CFE-CBBE-4B09-9C32-C75ECDE62B9F}.Debug|x64.ActiveCfg = Debug|Any CPU
		{B1EE8CFE-CBBE-4B09-9C32-C75ECDE62B9F}.Debug|x64.Build.0 = Debug|Any CPU
		{B1EE8CFE-CBBE-4B09-9C32-C75ECDE62B9F}.Debug|x86.ActiveCfg = Debug|Any CPU
		{B1EE8CFE-CBBE-4B09-9C32-C75ECDE62B9F}.Debug|x86.Build.0 = Debug|Any CPU
		{B1EE8CFE-CBBE-4B09-9C32-C75ECDE62B9F}.Release|Any CPU.ActiveCfg = Release|Any CPU
		{B1EE8CFE-CBBE-4B09-9C32-C75ECDE62B9F}.Release|Any CPU.Build.0 = Release|Any CPU
		{B1EE8CFE-CBBE-4B09-9C32-C75ECDE62B9F}.Release|x64.ActiveCfg = Release|Any CPU
		{B1EE8CFE-CBBE-4B09-9C32-C75ECDE62B9F}.Release|x64.Build.0 = Release|Any CPU
		{B1EE8CFE-CBBE-4B09-9C32-C75ECDE62B9F}.Release|x86.ActiveCfg = Release|Any CPU
		{B1EE8CFE-CBBE-4B09-9C32-C75ECDE62B9F}.Release|x86.Build.0 = Release|Any CPU
		{0E4911D6-B425-419A-8188-D35407C032BF}.Debug|Any CPU.ActiveCfg = Debug|Any CPU
		{0E4911D6-B425-419A-8188-D35407C032BF}.Debug|Any CPU.Build.0 = Debug|Any CPU
		{0E4911D6-B425-419A-8188-D35407C032BF}.Debug|x64.ActiveCfg = Debug|Any CPU
		{0E4911D6-B425-419A-8188-D35407C032BF}.Debug|x64.Build.0 = Debug|Any CPU
		{0E4911D6-B425-419A-8188-D35407C032BF}.Debug|x86.ActiveCfg = Debug|Any CPU
		{0E4911D6-B425-419A-8188-D35407C032BF}.Debug|x86.Build.0 = Debug|Any CPU
		{0E4911D6-B425-419A-8188-D35407C032BF}.Release|Any CPU.ActiveCfg = Release|Any CPU
		{0E4911D6-B425-419A-8188-D35407C032BF}.Release|Any CPU.Build.0 = Release|Any CPU
		{0E4911D6-B425-419A-8188-D35407C032BF}.Release|x64.ActiveCfg = Release|Any CPU
		{0E4911D6-B425-419A-8188-D35407C032BF}.Release|x64.Build.0 = Release|Any CPU
		{0E4911D6-B425-419A-8188-D35407C032BF}.Release|x86.ActiveCfg = Release|Any CPU
		{0E4911D6-B425-419A-8188-D35407C032BF}.Release|x86.Build.0 = Release|Any CPU
	EndGlobalSection
	GlobalSection(SolutionProperties) = preSolution
		HideSolutionNode = FALSE
	EndGlobalSection
	GlobalSection(ExtensibilityGlobals) = postSolution
		SolutionGuid = {A256BEFF-4A9E-4EE6-8661-399F7588FB8B}
	EndGlobalSection
EndGlobal
